// !$*UTF8*$!
{
	archiveVersion = 1;
	classes = {
	};
	objectVersion = 60;
	objects = {

/* Begin PBXBuildFile section */
		3A3BD3AF2C744ED800F56ABA /* Core in Frameworks */ = {isa = PBXBuildFile; productRef = 3A3BD3AE2C744ED800F56ABA /* Core */; };
		3A3BD3B22C74507900F56ABA /* HomeModule in Frameworks */ = {isa = PBXBuildFile; productRef = 3A3BD3B12C74507900F56ABA /* HomeModule */; };
		3A84A1C72C552EE7001751EF /* FavoriteGameView.swift in Sources */ = {isa = PBXBuildFile; fileRef = 3A84A1C62C552EE7001751EF /* FavoriteGameView.swift */; };
		3A84A1C92C552F5A001751EF /* ItemFavoriteGame.swift in Sources */ = {isa = PBXBuildFile; fileRef = 3A84A1C82C552F5A001751EF /* ItemFavoriteGame.swift */; };
		3AC7F1FE2C6D25B300238F7C /* Alamofire in Frameworks */ = {isa = PBXBuildFile; productRef = 3AC7F1FD2C6D25B300238F7C /* Alamofire */; };
		3AC7F2002C6D25CA00238F7C /* RealmSwift in Frameworks */ = {isa = PBXBuildFile; productRef = 3AC7F1FF2C6D25CA00238F7C /* RealmSwift */; };
		3AC7F2012C6D25CA00238F7C /* RealmSwift in Embed Frameworks */ = {isa = PBXBuildFile; productRef = 3AC7F1FF2C6D25CA00238F7C /* RealmSwift */; settings = {ATTRIBUTES = (CodeSignOnCopy, ); }; };
		3AD9A2D12C639BC9009BE1B8 /* ApiService.swift in Sources */ = {isa = PBXBuildFile; fileRef = 3AD9A2D02C639BC9009BE1B8 /* ApiService.swift */; };
		3AD9A2D32C639E11009BE1B8 /* CommonError.swift in Sources */ = {isa = PBXBuildFile; fileRef = 3AD9A2D22C639E11009BE1B8 /* CommonError.swift */; };
		3AD9A2E02C63B9E7009BE1B8 /* Injection.swift in Sources */ = {isa = PBXBuildFile; fileRef = 3AD9A2DF2C63B9E7009BE1B8 /* Injection.swift */; };
		3AD9A2EA2C64F4EF009BE1B8 /* HomeView.swift in Sources */ = {isa = PBXBuildFile; fileRef = 3AD9A2E92C64F4EF009BE1B8 /* HomeView.swift */; };
		3AD9A2F32C650014009BE1B8 /* HomeRouter.swift in Sources */ = {isa = PBXBuildFile; fileRef = 3AD9A2F22C650014009BE1B8 /* HomeRouter.swift */; };
		3AEF4DC32C6766E200382F10 /* ItemCardGame.swift in Sources */ = {isa = PBXBuildFile; fileRef = 3AEF4DC22C6766E200382F10 /* ItemCardGame.swift */; };
		3AF473602C67BB720094D0A6 /* FavoriteGameRouter.swift in Sources */ = {isa = PBXBuildFile; fileRef = 3AF4735F2C67BB720094D0A6 /* FavoriteGameRouter.swift */; };
		3AFA619F2C4CD79D00F6D84C /* PopularGamesApp.swift in Sources */ = {isa = PBXBuildFile; fileRef = 3AFA619E2C4CD79D00F6D84C /* PopularGamesApp.swift */; };
		3AFA61A12C4CD79D00F6D84C /* ContentView.swift in Sources */ = {isa = PBXBuildFile; fileRef = 3AFA61A02C4CD79D00F6D84C /* ContentView.swift */; };
		3AFA61A32C4CD79E00F6D84C /* Assets.xcassets in Resources */ = {isa = PBXBuildFile; fileRef = 3AFA61A22C4CD79E00F6D84C /* Assets.xcassets */; };
		3AFA61A62C4CD79E00F6D84C /* Preview Assets.xcassets in Resources */ = {isa = PBXBuildFile; fileRef = 3AFA61A52C4CD79E00F6D84C /* Preview Assets.xcassets */; };
		3AFA61B02C4CD79F00F6D84C /* PopularGamesTests.swift in Sources */ = {isa = PBXBuildFile; fileRef = 3AFA61AF2C4CD79F00F6D84C /* PopularGamesTests.swift */; };
		3AFA61BA2C4CD79F00F6D84C /* PopularGamesUITests.swift in Sources */ = {isa = PBXBuildFile; fileRef = 3AFA61B92C4CD79F00F6D84C /* PopularGamesUITests.swift */; };
		3AFA61BC2C4CD79F00F6D84C /* PopularGamesUITestsLaunchTests.swift in Sources */ = {isa = PBXBuildFile; fileRef = 3AFA61BB2C4CD79F00F6D84C /* PopularGamesUITestsLaunchTests.swift */; };
		3AFA61D12C4D585600F6D84C /* Utils.swift in Sources */ = {isa = PBXBuildFile; fileRef = 3AFA61D02C4D585600F6D84C /* Utils.swift */; };
		3AFA61D32C4D5CEC00F6D84C /* ProfileView.swift in Sources */ = {isa = PBXBuildFile; fileRef = 3AFA61D22C4D5CEC00F6D84C /* ProfileView.swift */; };
		3AFA61D52C4D5F4C00F6D84C /* GameDetailView.swift in Sources */ = {isa = PBXBuildFile; fileRef = 3AFA61D42C4D5F4C00F6D84C /* GameDetailView.swift */; };
/* End PBXBuildFile section */

/* Begin PBXContainerItemProxy section */
		3AFA61AC2C4CD79F00F6D84C /* PBXContainerItemProxy */ = {
			isa = PBXContainerItemProxy;
			containerPortal = 3AFA61932C4CD79D00F6D84C /* Project object */;
			proxyType = 1;
			remoteGlobalIDString = 3AFA619A2C4CD79D00F6D84C;
			remoteInfo = PopularGames;
		};
		3AFA61B62C4CD79F00F6D84C /* PBXContainerItemProxy */ = {
			isa = PBXContainerItemProxy;
			containerPortal = 3AFA61932C4CD79D00F6D84C /* Project object */;
			proxyType = 1;
			remoteGlobalIDString = 3AFA619A2C4CD79D00F6D84C;
			remoteInfo = PopularGames;
		};
/* End PBXContainerItemProxy section */

/* Begin PBXCopyFilesBuildPhase section */
		3A2FDC7D2C6D231100C2C1A3 /* Embed Frameworks */ = {
			isa = PBXCopyFilesBuildPhase;
			buildActionMask = 2147483647;
			dstPath = "";
			dstSubfolderSpec = 10;
			files = (
				3AC7F2012C6D25CA00238F7C /* RealmSwift in Embed Frameworks */,
			);
			name = "Embed Frameworks";
			runOnlyForDeploymentPostprocessing = 0;
		};
/* End PBXCopyFilesBuildPhase section */

/* Begin PBXFileReference section */
		3A84A1C62C552EE7001751EF /* FavoriteGameView.swift */ = {isa = PBXFileReference; lastKnownFileType = sourcecode.swift; path = FavoriteGameView.swift; sourceTree = "<group>"; };
		3A84A1C82C552F5A001751EF /* ItemFavoriteGame.swift */ = {isa = PBXFileReference; lastKnownFileType = sourcecode.swift; path = ItemFavoriteGame.swift; sourceTree = "<group>"; };
		3AD9A2D02C639BC9009BE1B8 /* ApiService.swift */ = {isa = PBXFileReference; lastKnownFileType = sourcecode.swift; path = ApiService.swift; sourceTree = "<group>"; };
		3AD9A2D22C639E11009BE1B8 /* CommonError.swift */ = {isa = PBXFileReference; lastKnownFileType = sourcecode.swift; path = CommonError.swift; sourceTree = "<group>"; };
		3AD9A2DF2C63B9E7009BE1B8 /* Injection.swift */ = {isa = PBXFileReference; lastKnownFileType = sourcecode.swift; path = Injection.swift; sourceTree = "<group>"; };
		3AD9A2E92C64F4EF009BE1B8 /* HomeView.swift */ = {isa = PBXFileReference; lastKnownFileType = sourcecode.swift; path = HomeView.swift; sourceTree = "<group>"; };
		3AD9A2F22C650014009BE1B8 /* HomeRouter.swift */ = {isa = PBXFileReference; lastKnownFileType = sourcecode.swift; path = HomeRouter.swift; sourceTree = "<group>"; };
		3AEF4DC22C6766E200382F10 /* ItemCardGame.swift */ = {isa = PBXFileReference; lastKnownFileType = sourcecode.swift; path = ItemCardGame.swift; sourceTree = "<group>"; };
		3AF4735F2C67BB720094D0A6 /* FavoriteGameRouter.swift */ = {isa = PBXFileReference; lastKnownFileType = sourcecode.swift; path = FavoriteGameRouter.swift; sourceTree = "<group>"; };
		3AFA619B2C4CD79D00F6D84C /* PopularGames.app */ = {isa = PBXFileReference; explicitFileType = wrapper.application; includeInIndex = 0; path = PopularGames.app; sourceTree = BUILT_PRODUCTS_DIR; };
		3AFA619E2C4CD79D00F6D84C /* PopularGamesApp.swift */ = {isa = PBXFileReference; lastKnownFileType = sourcecode.swift; path = PopularGamesApp.swift; sourceTree = "<group>"; };
		3AFA61A02C4CD79D00F6D84C /* ContentView.swift */ = {isa = PBXFileReference; lastKnownFileType = sourcecode.swift; path = ContentView.swift; sourceTree = "<group>"; };
		3AFA61A22C4CD79E00F6D84C /* Assets.xcassets */ = {isa = PBXFileReference; lastKnownFileType = folder.assetcatalog; path = Assets.xcassets; sourceTree = "<group>"; };
		3AFA61A52C4CD79E00F6D84C /* Preview Assets.xcassets */ = {isa = PBXFileReference; lastKnownFileType = folder.assetcatalog; path = "Preview Assets.xcassets"; sourceTree = "<group>"; };
		3AFA61AB2C4CD79F00F6D84C /* PopularGamesTests.xctest */ = {isa = PBXFileReference; explicitFileType = wrapper.cfbundle; includeInIndex = 0; path = PopularGamesTests.xctest; sourceTree = BUILT_PRODUCTS_DIR; };
		3AFA61AF2C4CD79F00F6D84C /* PopularGamesTests.swift */ = {isa = PBXFileReference; lastKnownFileType = sourcecode.swift; path = PopularGamesTests.swift; sourceTree = "<group>"; };
		3AFA61B52C4CD79F00F6D84C /* PopularGamesUITests.xctest */ = {isa = PBXFileReference; explicitFileType = wrapper.cfbundle; includeInIndex = 0; path = PopularGamesUITests.xctest; sourceTree = BUILT_PRODUCTS_DIR; };
		3AFA61B92C4CD79F00F6D84C /* PopularGamesUITests.swift */ = {isa = PBXFileReference; lastKnownFileType = sourcecode.swift; path = PopularGamesUITests.swift; sourceTree = "<group>"; };
		3AFA61BB2C4CD79F00F6D84C /* PopularGamesUITestsLaunchTests.swift */ = {isa = PBXFileReference; lastKnownFileType = sourcecode.swift; path = PopularGamesUITestsLaunchTests.swift; sourceTree = "<group>"; };
		3AFA61D02C4D585600F6D84C /* Utils.swift */ = {isa = PBXFileReference; lastKnownFileType = sourcecode.swift; path = Utils.swift; sourceTree = "<group>"; };
		3AFA61D22C4D5CEC00F6D84C /* ProfileView.swift */ = {isa = PBXFileReference; lastKnownFileType = sourcecode.swift; path = ProfileView.swift; sourceTree = "<group>"; };
		3AFA61D42C4D5F4C00F6D84C /* GameDetailView.swift */ = {isa = PBXFileReference; lastKnownFileType = sourcecode.swift; path = GameDetailView.swift; sourceTree = "<group>"; };
/* End PBXFileReference section */

/* Begin PBXFrameworksBuildPhase section */
		3AFA61982C4CD79D00F6D84C /* Frameworks */ = {
			isa = PBXFrameworksBuildPhase;
			buildActionMask = 2147483647;
			files = (
				3AC7F2002C6D25CA00238F7C /* RealmSwift in Frameworks */,
				3A3BD3B22C74507900F56ABA /* HomeModule in Frameworks */,
				3AC7F1FE2C6D25B300238F7C /* Alamofire in Frameworks */,
				3A3BD3AF2C744ED800F56ABA /* Core in Frameworks */,
			);
			runOnlyForDeploymentPostprocessing = 0;
		};
		3AFA61A82C4CD79F00F6D84C /* Frameworks */ = {
			isa = PBXFrameworksBuildPhase;
			buildActionMask = 2147483647;
			files = (
			);
			runOnlyForDeploymentPostprocessing = 0;
		};
		3AFA61B22C4CD79F00F6D84C /* Frameworks */ = {
			isa = PBXFrameworksBuildPhase;
			buildActionMask = 2147483647;
			files = (
			);
			runOnlyForDeploymentPostprocessing = 0;
		};
/* End PBXFrameworksBuildPhase section */

/* Begin PBXGroup section */
		3A2FDC792C6D231100C2C1A3 /* Frameworks */ = {
			isa = PBXGroup;
			children = (
			);
			name = Frameworks;
			sourceTree = "<group>";
		};
		3A4F1E552C664EF300C08982 /* View */ = {
			isa = PBXGroup;
			children = (
				3AFA61D42C4D5F4C00F6D84C /* GameDetailView.swift */,
			);
			path = View;
			sourceTree = "<group>";
		};
		3A4F1E5B2C66608700C08982 /* FavoriteGame */ = {
			isa = PBXGroup;
			children = (
				3AF4735E2C67BB5E0094D0A6 /* Router */,
				3A4F1E5C2C66608F00C08982 /* View */,
			);
			path = FavoriteGame;
			sourceTree = "<group>";
		};
		3A4F1E5C2C66608F00C08982 /* View */ = {
			isa = PBXGroup;
			children = (
				3A84A1C82C552F5A001751EF /* ItemFavoriteGame.swift */,
				3A84A1C62C552EE7001751EF /* FavoriteGameView.swift */,
			);
			path = View;
			sourceTree = "<group>";
		};
		3AD9A2CE2C639B6E009BE1B8 /* Utils */ = {
			isa = PBXGroup;
			children = (
				3AF4735D2C67A4A60094D0A6 /* Common */,
				3AD9A2CF2C639BB0009BE1B8 /* Network */,
			);
			path = Utils;
			sourceTree = "<group>";
		};
		3AD9A2CF2C639BB0009BE1B8 /* Network */ = {
			isa = PBXGroup;
			children = (
				3AD9A2D22C639E11009BE1B8 /* CommonError.swift */,
				3AD9A2D02C639BC9009BE1B8 /* ApiService.swift */,
			);
			path = Network;
			sourceTree = "<group>";
		};
		3AD9A2DE2C63B9CC009BE1B8 /* DI */ = {
			isa = PBXGroup;
			children = (
				3AD9A2DF2C63B9E7009BE1B8 /* Injection.swift */,
			);
			path = DI;
			sourceTree = "<group>";
		};
		3AD9A2E12C63BC2F009BE1B8 /* Presenter */ = {
			isa = PBXGroup;
			children = (
			);
			path = Presenter;
			sourceTree = "<group>";
		};
		3AD9A2E42C64F45B009BE1B8 /* App */ = {
			isa = PBXGroup;
			children = (
				3AFA619E2C4CD79D00F6D84C /* PopularGamesApp.swift */,
				3AFA61A02C4CD79D00F6D84C /* ContentView.swift */,
			);
			path = App;
			sourceTree = "<group>";
		};
		3AD9A2E52C64F460009BE1B8 /* Core */ = {
			isa = PBXGroup;
			children = (
				3AD9A2DE2C63B9CC009BE1B8 /* DI */,
			);
			path = Core;
			sourceTree = "<group>";
		};
		3AD9A2E62C64F4B6009BE1B8 /* Module */ = {
			isa = PBXGroup;
			children = (
				3A4F1E5B2C66608700C08982 /* FavoriteGame */,
				3AD9A2EC2C64FE35009BE1B8 /* Profile */,
				3AD9A2E82C64F4C7009BE1B8 /* DetailGame */,
				3AD9A2E72C64F4C1009BE1B8 /* Home */,
			);
			path = Module;
			sourceTree = "<group>";
		};
		3AD9A2E72C64F4C1009BE1B8 /* Home */ = {
			isa = PBXGroup;
			children = (
				3AD9A2EF2C64FFA3009BE1B8 /* Router */,
				3AD9A2EB2C64F5F9009BE1B8 /* View */,
				3AD9A2E12C63BC2F009BE1B8 /* Presenter */,
			);
			path = Home;
			sourceTree = "<group>";
		};
		3AD9A2E82C64F4C7009BE1B8 /* DetailGame */ = {
			isa = PBXGroup;
			children = (
				3A4F1E552C664EF300C08982 /* View */,
			);
			path = DetailGame;
			sourceTree = "<group>";
		};
		3AD9A2EB2C64F5F9009BE1B8 /* View */ = {
			isa = PBXGroup;
			children = (
				3AD9A2E92C64F4EF009BE1B8 /* HomeView.swift */,
				3AEF4DC22C6766E200382F10 /* ItemCardGame.swift */,
			);
			path = View;
			sourceTree = "<group>";
		};
		3AD9A2EC2C64FE35009BE1B8 /* Profile */ = {
			isa = PBXGroup;
			children = (
				3AD9A2EE2C64FE42009BE1B8 /* Presenter */,
				3AD9A2ED2C64FE3C009BE1B8 /* View */,
			);
			path = Profile;
			sourceTree = "<group>";
		};
		3AD9A2ED2C64FE3C009BE1B8 /* View */ = {
			isa = PBXGroup;
			children = (
				3AFA61D22C4D5CEC00F6D84C /* ProfileView.swift */,
			);
			path = View;
			sourceTree = "<group>";
		};
		3AD9A2EE2C64FE42009BE1B8 /* Presenter */ = {
			isa = PBXGroup;
			children = (
			);
			path = Presenter;
			sourceTree = "<group>";
		};
		3AD9A2EF2C64FFA3009BE1B8 /* Router */ = {
			isa = PBXGroup;
			children = (
				3AD9A2F22C650014009BE1B8 /* HomeRouter.swift */,
			);
			path = Router;
			sourceTree = "<group>";
		};
		3AF4735D2C67A4A60094D0A6 /* Common */ = {
			isa = PBXGroup;
			children = (
				3AFA61D02C4D585600F6D84C /* Utils.swift */,
			);
			path = Common;
			sourceTree = "<group>";
		};
		3AF4735E2C67BB5E0094D0A6 /* Router */ = {
			isa = PBXGroup;
			children = (
				3AF4735F2C67BB720094D0A6 /* FavoriteGameRouter.swift */,
			);
			path = Router;
			sourceTree = "<group>";
		};
		3AFA61922C4CD79D00F6D84C = {
			isa = PBXGroup;
			children = (
				3AFA619D2C4CD79D00F6D84C /* PopularGames */,
				3AFA61AE2C4CD79F00F6D84C /* PopularGamesTests */,
				3AFA61B82C4CD79F00F6D84C /* PopularGamesUITests */,
				3AFA619C2C4CD79D00F6D84C /* Products */,
				3A2FDC792C6D231100C2C1A3 /* Frameworks */,
			);
			sourceTree = "<group>";
		};
		3AFA619C2C4CD79D00F6D84C /* Products */ = {
			isa = PBXGroup;
			children = (
				3AFA619B2C4CD79D00F6D84C /* PopularGames.app */,
				3AFA61AB2C4CD79F00F6D84C /* PopularGamesTests.xctest */,
				3AFA61B52C4CD79F00F6D84C /* PopularGamesUITests.xctest */,
			);
			name = Products;
			sourceTree = "<group>";
		};
		3AFA619D2C4CD79D00F6D84C /* PopularGames */ = {
			isa = PBXGroup;
			children = (
				3AD9A2E62C64F4B6009BE1B8 /* Module */,
				3AD9A2E52C64F460009BE1B8 /* Core */,
				3AD9A2E42C64F45B009BE1B8 /* App */,
				3AD9A2CE2C639B6E009BE1B8 /* Utils */,
				3AFA61A22C4CD79E00F6D84C /* Assets.xcassets */,
				3AFA61A42C4CD79E00F6D84C /* Preview Content */,
			);
			path = PopularGames;
			sourceTree = "<group>";
		};
		3AFA61A42C4CD79E00F6D84C /* Preview Content */ = {
			isa = PBXGroup;
			children = (
				3AFA61A52C4CD79E00F6D84C /* Preview Assets.xcassets */,
			);
			path = "Preview Content";
			sourceTree = "<group>";
		};
		3AFA61AE2C4CD79F00F6D84C /* PopularGamesTests */ = {
			isa = PBXGroup;
			children = (
				3AFA61AF2C4CD79F00F6D84C /* PopularGamesTests.swift */,
			);
			path = PopularGamesTests;
			sourceTree = "<group>";
		};
		3AFA61B82C4CD79F00F6D84C /* PopularGamesUITests */ = {
			isa = PBXGroup;
			children = (
				3AFA61B92C4CD79F00F6D84C /* PopularGamesUITests.swift */,
				3AFA61BB2C4CD79F00F6D84C /* PopularGamesUITestsLaunchTests.swift */,
			);
			path = PopularGamesUITests;
			sourceTree = "<group>";
		};
/* End PBXGroup section */

/* Begin PBXNativeTarget section */
		3AFA619A2C4CD79D00F6D84C /* PopularGames */ = {
			isa = PBXNativeTarget;
			buildConfigurationList = 3AFA61BF2C4CD79F00F6D84C /* Build configuration list for PBXNativeTarget "PopularGames" */;
			buildPhases = (
				3AFA61972C4CD79D00F6D84C /* Sources */,
				3AFA61982C4CD79D00F6D84C /* Frameworks */,
				3AFA61992C4CD79D00F6D84C /* Resources */,
				3A2FDC7D2C6D231100C2C1A3 /* Embed Frameworks */,
			);
			buildRules = (
			);
			dependencies = (
			);
			name = PopularGames;
			packageProductDependencies = (
				3AC7F1FD2C6D25B300238F7C /* Alamofire */,
				3AC7F1FF2C6D25CA00238F7C /* RealmSwift */,
				3A3BD3AE2C744ED800F56ABA /* Core */,
				3A3BD3B12C74507900F56ABA /* HomeModule */,
			);
			productName = PopularGames;
			productReference = 3AFA619B2C4CD79D00F6D84C /* PopularGames.app */;
			productType = "com.apple.product-type.application";
		};
		3AFA61AA2C4CD79F00F6D84C /* PopularGamesTests */ = {
			isa = PBXNativeTarget;
			buildConfigurationList = 3AFA61C22C4CD79F00F6D84C /* Build configuration list for PBXNativeTarget "PopularGamesTests" */;
			buildPhases = (
				3AFA61A72C4CD79F00F6D84C /* Sources */,
				3AFA61A82C4CD79F00F6D84C /* Frameworks */,
				3AFA61A92C4CD79F00F6D84C /* Resources */,
			);
			buildRules = (
			);
			dependencies = (
				3AFA61AD2C4CD79F00F6D84C /* PBXTargetDependency */,
			);
			name = PopularGamesTests;
			productName = PopularGamesTests;
			productReference = 3AFA61AB2C4CD79F00F6D84C /* PopularGamesTests.xctest */;
			productType = "com.apple.product-type.bundle.unit-test";
		};
		3AFA61B42C4CD79F00F6D84C /* PopularGamesUITests */ = {
			isa = PBXNativeTarget;
			buildConfigurationList = 3AFA61C52C4CD79F00F6D84C /* Build configuration list for PBXNativeTarget "PopularGamesUITests" */;
			buildPhases = (
				3AFA61B12C4CD79F00F6D84C /* Sources */,
				3AFA61B22C4CD79F00F6D84C /* Frameworks */,
				3AFA61B32C4CD79F00F6D84C /* Resources */,
			);
			buildRules = (
			);
			dependencies = (
				3AFA61B72C4CD79F00F6D84C /* PBXTargetDependency */,
			);
			name = PopularGamesUITests;
			productName = PopularGamesUITests;
			productReference = 3AFA61B52C4CD79F00F6D84C /* PopularGamesUITests.xctest */;
			productType = "com.apple.product-type.bundle.ui-testing";
		};
/* End PBXNativeTarget section */

/* Begin PBXProject section */
		3AFA61932C4CD79D00F6D84C /* Project object */ = {
			isa = PBXProject;
			attributes = {
				BuildIndependentTargetsInParallel = 1;
				LastSwiftUpdateCheck = 1540;
				LastUpgradeCheck = 1540;
				TargetAttributes = {
					3AFA619A2C4CD79D00F6D84C = {
						CreatedOnToolsVersion = 15.4;
					};
					3AFA61AA2C4CD79F00F6D84C = {
						CreatedOnToolsVersion = 15.4;
						TestTargetID = 3AFA619A2C4CD79D00F6D84C;
					};
					3AFA61B42C4CD79F00F6D84C = {
						CreatedOnToolsVersion = 15.4;
						TestTargetID = 3AFA619A2C4CD79D00F6D84C;
					};
				};
			};
			buildConfigurationList = 3AFA61962C4CD79D00F6D84C /* Build configuration list for PBXProject "PopularGames" */;
			compatibilityVersion = "Xcode 14.0";
			developmentRegion = en;
			hasScannedForEncodings = 0;
			knownRegions = (
				en,
				Base,
			);
			mainGroup = 3AFA61922C4CD79D00F6D84C;
			packageReferences = (
				3A2FDC772C6D1F6E00C2C1A3 /* XCRemoteSwiftPackageReference "Alamofire" */,
				3A2FDC782C6D20D900C2C1A3 /* XCRemoteSwiftPackageReference "realm-swift" */,
				3A3BD3AD2C744ECD00F56ABA /* XCRemoteSwiftPackageReference "Core" */,
				3A3BD3B02C744EF600F56ABA /* XCLocalSwiftPackageReference "../Modules/HomeModule" */,
			);
			productRefGroup = 3AFA619C2C4CD79D00F6D84C /* Products */;
			projectDirPath = "";
			projectRoot = "";
			targets = (
				3AFA619A2C4CD79D00F6D84C /* PopularGames */,
				3AFA61AA2C4CD79F00F6D84C /* PopularGamesTests */,
				3AFA61B42C4CD79F00F6D84C /* PopularGamesUITests */,
			);
		};
/* End PBXProject section */

/* Begin PBXResourcesBuildPhase section */
		3AFA61992C4CD79D00F6D84C /* Resources */ = {
			isa = PBXResourcesBuildPhase;
			buildActionMask = 2147483647;
			files = (
				3AFA61A62C4CD79E00F6D84C /* Preview Assets.xcassets in Resources */,
				3AFA61A32C4CD79E00F6D84C /* Assets.xcassets in Resources */,
			);
			runOnlyForDeploymentPostprocessing = 0;
		};
		3AFA61A92C4CD79F00F6D84C /* Resources */ = {
			isa = PBXResourcesBuildPhase;
			buildActionMask = 2147483647;
			files = (
			);
			runOnlyForDeploymentPostprocessing = 0;
		};
		3AFA61B32C4CD79F00F6D84C /* Resources */ = {
			isa = PBXResourcesBuildPhase;
			buildActionMask = 2147483647;
			files = (
			);
			runOnlyForDeploymentPostprocessing = 0;
		};
/* End PBXResourcesBuildPhase section */

/* Begin PBXSourcesBuildPhase section */
		3AFA61972C4CD79D00F6D84C /* Sources */ = {
			isa = PBXSourcesBuildPhase;
			buildActionMask = 2147483647;
			files = (
				3AFA61D32C4D5CEC00F6D84C /* ProfileView.swift in Sources */,
				3A84A1C92C552F5A001751EF /* ItemFavoriteGame.swift in Sources */,
				3AFA61A12C4CD79D00F6D84C /* ContentView.swift in Sources */,
				3AEF4DC32C6766E200382F10 /* ItemCardGame.swift in Sources */,
				3AFA619F2C4CD79D00F6D84C /* PopularGamesApp.swift in Sources */,
				3AFA61D12C4D585600F6D84C /* Utils.swift in Sources */,
				3AD9A2F32C650014009BE1B8 /* HomeRouter.swift in Sources */,
				3AD9A2E02C63B9E7009BE1B8 /* Injection.swift in Sources */,
				3AFA61D52C4D5F4C00F6D84C /* GameDetailView.swift in Sources */,
				3A84A1C72C552EE7001751EF /* FavoriteGameView.swift in Sources */,
				3AD9A2D32C639E11009BE1B8 /* CommonError.swift in Sources */,
				3AD9A2D12C639BC9009BE1B8 /* ApiService.swift in Sources */,
				3AF473602C67BB720094D0A6 /* FavoriteGameRouter.swift in Sources */,
				3AD9A2EA2C64F4EF009BE1B8 /* HomeView.swift in Sources */,
			);
			runOnlyForDeploymentPostprocessing = 0;
		};
		3AFA61A72C4CD79F00F6D84C /* Sources */ = {
			isa = PBXSourcesBuildPhase;
			buildActionMask = 2147483647;
			files = (
				3AFA61B02C4CD79F00F6D84C /* PopularGamesTests.swift in Sources */,
			);
			runOnlyForDeploymentPostprocessing = 0;
		};
		3AFA61B12C4CD79F00F6D84C /* Sources */ = {
			isa = PBXSourcesBuildPhase;
			buildActionMask = 2147483647;
			files = (
				3AFA61BC2C4CD79F00F6D84C /* PopularGamesUITestsLaunchTests.swift in Sources */,
				3AFA61BA2C4CD79F00F6D84C /* PopularGamesUITests.swift in Sources */,
			);
			runOnlyForDeploymentPostprocessing = 0;
		};
/* End PBXSourcesBuildPhase section */

/* Begin PBXTargetDependency section */
		3AFA61AD2C4CD79F00F6D84C /* PBXTargetDependency */ = {
			isa = PBXTargetDependency;
			target = 3AFA619A2C4CD79D00F6D84C /* PopularGames */;
			targetProxy = 3AFA61AC2C4CD79F00F6D84C /* PBXContainerItemProxy */;
		};
		3AFA61B72C4CD79F00F6D84C /* PBXTargetDependency */ = {
			isa = PBXTargetDependency;
			target = 3AFA619A2C4CD79D00F6D84C /* PopularGames */;
			targetProxy = 3AFA61B62C4CD79F00F6D84C /* PBXContainerItemProxy */;
		};
/* End PBXTargetDependency section */

/* Begin XCBuildConfiguration section */
		3AFA61BD2C4CD79F00F6D84C /* Debug */ = {
			isa = XCBuildConfiguration;
			buildSettings = {
				ALWAYS_SEARCH_USER_PATHS = NO;
				ASSETCATALOG_COMPILER_GENERATE_SWIFT_ASSET_SYMBOL_EXTENSIONS = YES;
				CLANG_ANALYZER_NONNULL = YES;
				CLANG_ANALYZER_NUMBER_OBJECT_CONVERSION = YES_AGGRESSIVE;
				CLANG_CXX_LANGUAGE_STANDARD = "gnu++20";
				CLANG_ENABLE_MODULES = YES;
				CLANG_ENABLE_OBJC_ARC = YES;
				CLANG_ENABLE_OBJC_WEAK = YES;
				CLANG_WARN_BLOCK_CAPTURE_AUTORELEASING = YES;
				CLANG_WARN_BOOL_CONVERSION = YES;
				CLANG_WARN_COMMA = YES;
				CLANG_WARN_CONSTANT_CONVERSION = YES;
				CLANG_WARN_DEPRECATED_OBJC_IMPLEMENTATIONS = YES;
				CLANG_WARN_DIRECT_OBJC_ISA_USAGE = YES_ERROR;
				CLANG_WARN_DOCUMENTATION_COMMENTS = YES;
				CLANG_WARN_EMPTY_BODY = YES;
				CLANG_WARN_ENUM_CONVERSION = YES;
				CLANG_WARN_INFINITE_RECURSION = YES;
				CLANG_WARN_INT_CONVERSION = YES;
				CLANG_WARN_NON_LITERAL_NULL_CONVERSION = YES;
				CLANG_WARN_OBJC_IMPLICIT_RETAIN_SELF = YES;
				CLANG_WARN_OBJC_LITERAL_CONVERSION = YES;
				CLANG_WARN_OBJC_ROOT_CLASS = YES_ERROR;
				CLANG_WARN_QUOTED_INCLUDE_IN_FRAMEWORK_HEADER = YES;
				CLANG_WARN_RANGE_LOOP_ANALYSIS = YES;
				CLANG_WARN_STRICT_PROTOTYPES = YES;
				CLANG_WARN_SUSPICIOUS_MOVE = YES;
				CLANG_WARN_UNGUARDED_AVAILABILITY = YES_AGGRESSIVE;
				CLANG_WARN_UNREACHABLE_CODE = YES;
				CLANG_WARN__DUPLICATE_METHOD_MATCH = YES;
				COPY_PHASE_STRIP = NO;
				DEBUG_INFORMATION_FORMAT = dwarf;
				ENABLE_STRICT_OBJC_MSGSEND = YES;
				ENABLE_TESTABILITY = YES;
				ENABLE_USER_SCRIPT_SANDBOXING = YES;
				GCC_C_LANGUAGE_STANDARD = gnu17;
				GCC_DYNAMIC_NO_PIC = NO;
				GCC_NO_COMMON_BLOCKS = YES;
				GCC_OPTIMIZATION_LEVEL = 0;
				GCC_PREPROCESSOR_DEFINITIONS = (
					"DEBUG=1",
					"$(inherited)",
				);
				GCC_WARN_64_TO_32_BIT_CONVERSION = YES;
				GCC_WARN_ABOUT_RETURN_TYPE = YES_ERROR;
				GCC_WARN_UNDECLARED_SELECTOR = YES;
				GCC_WARN_UNINITIALIZED_AUTOS = YES_AGGRESSIVE;
				GCC_WARN_UNUSED_FUNCTION = YES;
				GCC_WARN_UNUSED_VARIABLE = YES;
				IPHONEOS_DEPLOYMENT_TARGET = 17.0;
				LOCALIZATION_PREFERS_STRING_CATALOGS = YES;
				MTL_ENABLE_DEBUG_INFO = INCLUDE_SOURCE;
				MTL_FAST_MATH = YES;
				ONLY_ACTIVE_ARCH = YES;
				SDKROOT = iphoneos;
				SWIFT_ACTIVE_COMPILATION_CONDITIONS = "DEBUG $(inherited)";
				SWIFT_OPTIMIZATION_LEVEL = "-Onone";
			};
			name = Debug;
		};
		3AFA61BE2C4CD79F00F6D84C /* Release */ = {
			isa = XCBuildConfiguration;
			buildSettings = {
				ALWAYS_SEARCH_USER_PATHS = NO;
				ASSETCATALOG_COMPILER_GENERATE_SWIFT_ASSET_SYMBOL_EXTENSIONS = YES;
				CLANG_ANALYZER_NONNULL = YES;
				CLANG_ANALYZER_NUMBER_OBJECT_CONVERSION = YES_AGGRESSIVE;
				CLANG_CXX_LANGUAGE_STANDARD = "gnu++20";
				CLANG_ENABLE_MODULES = YES;
				CLANG_ENABLE_OBJC_ARC = YES;
				CLANG_ENABLE_OBJC_WEAK = YES;
				CLANG_WARN_BLOCK_CAPTURE_AUTORELEASING = YES;
				CLANG_WARN_BOOL_CONVERSION = YES;
				CLANG_WARN_COMMA = YES;
				CLANG_WARN_CONSTANT_CONVERSION = YES;
				CLANG_WARN_DEPRECATED_OBJC_IMPLEMENTATIONS = YES;
				CLANG_WARN_DIRECT_OBJC_ISA_USAGE = YES_ERROR;
				CLANG_WARN_DOCUMENTATION_COMMENTS = YES;
				CLANG_WARN_EMPTY_BODY = YES;
				CLANG_WARN_ENUM_CONVERSION = YES;
				CLANG_WARN_INFINITE_RECURSION = YES;
				CLANG_WARN_INT_CONVERSION = YES;
				CLANG_WARN_NON_LITERAL_NULL_CONVERSION = YES;
				CLANG_WARN_OBJC_IMPLICIT_RETAIN_SELF = YES;
				CLANG_WARN_OBJC_LITERAL_CONVERSION = YES;
				CLANG_WARN_OBJC_ROOT_CLASS = YES_ERROR;
				CLANG_WARN_QUOTED_INCLUDE_IN_FRAMEWORK_HEADER = YES;
				CLANG_WARN_RANGE_LOOP_ANALYSIS = YES;
				CLANG_WARN_STRICT_PROTOTYPES = YES;
				CLANG_WARN_SUSPICIOUS_MOVE = YES;
				CLANG_WARN_UNGUARDED_AVAILABILITY = YES_AGGRESSIVE;
				CLANG_WARN_UNREACHABLE_CODE = YES;
				CLANG_WARN__DUPLICATE_METHOD_MATCH = YES;
				COPY_PHASE_STRIP = NO;
				DEBUG_INFORMATION_FORMAT = "dwarf-with-dsym";
				ENABLE_NS_ASSERTIONS = NO;
				ENABLE_STRICT_OBJC_MSGSEND = YES;
				ENABLE_USER_SCRIPT_SANDBOXING = YES;
				GCC_C_LANGUAGE_STANDARD = gnu17;
				GCC_NO_COMMON_BLOCKS = YES;
				GCC_WARN_64_TO_32_BIT_CONVERSION = YES;
				GCC_WARN_ABOUT_RETURN_TYPE = YES_ERROR;
				GCC_WARN_UNDECLARED_SELECTOR = YES;
				GCC_WARN_UNINITIALIZED_AUTOS = YES_AGGRESSIVE;
				GCC_WARN_UNUSED_FUNCTION = YES;
				GCC_WARN_UNUSED_VARIABLE = YES;
				IPHONEOS_DEPLOYMENT_TARGET = 17.0;
				LOCALIZATION_PREFERS_STRING_CATALOGS = YES;
				MTL_ENABLE_DEBUG_INFO = NO;
				MTL_FAST_MATH = YES;
				SDKROOT = iphoneos;
				SWIFT_COMPILATION_MODE = wholemodule;
				VALIDATE_PRODUCT = YES;
			};
			name = Release;
		};
		3AFA61C02C4CD79F00F6D84C /* Debug */ = {
			isa = XCBuildConfiguration;
			buildSettings = {
				ASSETCATALOG_COMPILER_APPICON_NAME = AppIcon;
				ASSETCATALOG_COMPILER_GLOBAL_ACCENT_COLOR_NAME = AccentColor;
				CODE_SIGN_STYLE = Automatic;
				CURRENT_PROJECT_VERSION = 1;
				DEVELOPMENT_ASSET_PATHS = "\"PopularGames/Preview Content\"";
				DEVELOPMENT_TEAM = N4Z6Q6CW82;
				ENABLE_PREVIEWS = YES;
				ENABLE_USER_SCRIPT_SANDBOXING = NO;
				GENERATE_INFOPLIST_FILE = YES;
				INFOPLIST_KEY_UIApplicationSceneManifest_Generation = YES;
				INFOPLIST_KEY_UIApplicationSupportsIndirectInputEvents = YES;
				INFOPLIST_KEY_UILaunchScreen_Generation = YES;
				INFOPLIST_KEY_UISupportedInterfaceOrientations_iPad = "UIInterfaceOrientationPortrait UIInterfaceOrientationPortraitUpsideDown UIInterfaceOrientationLandscapeLeft UIInterfaceOrientationLandscapeRight";
				INFOPLIST_KEY_UISupportedInterfaceOrientations_iPhone = "UIInterfaceOrientationPortrait UIInterfaceOrientationLandscapeLeft UIInterfaceOrientationLandscapeRight";
				IPHONEOS_DEPLOYMENT_TARGET = 16.0;
				LD_RUNPATH_SEARCH_PATHS = (
					"$(inherited)",
					"@executable_path/Frameworks",
				);
				MARKETING_VERSION = 1.0;
				PRODUCT_BUNDLE_IDENTIFIER = com.zul.PopularGames;
				PRODUCT_NAME = "$(TARGET_NAME)";
				SWIFT_EMIT_LOC_STRINGS = YES;
				SWIFT_VERSION = 5.0;
				TARGETED_DEVICE_FAMILY = "1,2";
			};
			name = Debug;
		};
		3AFA61C12C4CD79F00F6D84C /* Release */ = {
			isa = XCBuildConfiguration;
			buildSettings = {
				ASSETCATALOG_COMPILER_APPICON_NAME = AppIcon;
				ASSETCATALOG_COMPILER_GLOBAL_ACCENT_COLOR_NAME = AccentColor;
				CODE_SIGN_STYLE = Automatic;
				CURRENT_PROJECT_VERSION = 1;
				DEVELOPMENT_ASSET_PATHS = "\"PopularGames/Preview Content\"";
				DEVELOPMENT_TEAM = N4Z6Q6CW82;
				ENABLE_PREVIEWS = YES;
				ENABLE_USER_SCRIPT_SANDBOXING = NO;
				GENERATE_INFOPLIST_FILE = YES;
				INFOPLIST_KEY_UIApplicationSceneManifest_Generation = YES;
				INFOPLIST_KEY_UIApplicationSupportsIndirectInputEvents = YES;
				INFOPLIST_KEY_UILaunchScreen_Generation = YES;
				INFOPLIST_KEY_UISupportedInterfaceOrientations_iPad = "UIInterfaceOrientationPortrait UIInterfaceOrientationPortraitUpsideDown UIInterfaceOrientationLandscapeLeft UIInterfaceOrientationLandscapeRight";
				INFOPLIST_KEY_UISupportedInterfaceOrientations_iPhone = "UIInterfaceOrientationPortrait UIInterfaceOrientationLandscapeLeft UIInterfaceOrientationLandscapeRight";
				IPHONEOS_DEPLOYMENT_TARGET = 16.0;
				LD_RUNPATH_SEARCH_PATHS = (
					"$(inherited)",
					"@executable_path/Frameworks",
				);
				MARKETING_VERSION = 1.0;
				PRODUCT_BUNDLE_IDENTIFIER = com.zul.PopularGames;
				PRODUCT_NAME = "$(TARGET_NAME)";
				SWIFT_EMIT_LOC_STRINGS = YES;
				SWIFT_VERSION = 5.0;
				TARGETED_DEVICE_FAMILY = "1,2";
			};
			name = Release;
		};
		3AFA61C32C4CD79F00F6D84C /* Debug */ = {
			isa = XCBuildConfiguration;
			buildSettings = {
				ALWAYS_EMBED_SWIFT_STANDARD_LIBRARIES = YES;
				BUNDLE_LOADER = "$(TEST_HOST)";
				CODE_SIGN_STYLE = Automatic;
				CURRENT_PROJECT_VERSION = 1;
				GENERATE_INFOPLIST_FILE = YES;
				IPHONEOS_DEPLOYMENT_TARGET = 17.5;
				MARKETING_VERSION = 1.0;
				PRODUCT_BUNDLE_IDENTIFIER = com.zul.PopularGamesTests;
				PRODUCT_NAME = "$(TARGET_NAME)";
				SWIFT_EMIT_LOC_STRINGS = NO;
				SWIFT_VERSION = 5.0;
				TARGETED_DEVICE_FAMILY = "1,2";
				TEST_HOST = "$(BUILT_PRODUCTS_DIR)/PopularGames.app/$(BUNDLE_EXECUTABLE_FOLDER_PATH)/PopularGames";
			};
			name = Debug;
		};
		3AFA61C42C4CD79F00F6D84C /* Release */ = {
			isa = XCBuildConfiguration;
			buildSettings = {
				ALWAYS_EMBED_SWIFT_STANDARD_LIBRARIES = YES;
				BUNDLE_LOADER = "$(TEST_HOST)";
				CODE_SIGN_STYLE = Automatic;
				CURRENT_PROJECT_VERSION = 1;
				GENERATE_INFOPLIST_FILE = YES;
				IPHONEOS_DEPLOYMENT_TARGET = 17.5;
				MARKETING_VERSION = 1.0;
				PRODUCT_BUNDLE_IDENTIFIER = com.zul.PopularGamesTests;
				PRODUCT_NAME = "$(TARGET_NAME)";
				SWIFT_EMIT_LOC_STRINGS = NO;
				SWIFT_VERSION = 5.0;
				TARGETED_DEVICE_FAMILY = "1,2";
				TEST_HOST = "$(BUILT_PRODUCTS_DIR)/PopularGames.app/$(BUNDLE_EXECUTABLE_FOLDER_PATH)/PopularGames";
			};
			name = Release;
		};
		3AFA61C62C4CD79F00F6D84C /* Debug */ = {
			isa = XCBuildConfiguration;
			buildSettings = {
				ALWAYS_EMBED_SWIFT_STANDARD_LIBRARIES = YES;
				CODE_SIGN_STYLE = Automatic;
				CURRENT_PROJECT_VERSION = 1;
				GENERATE_INFOPLIST_FILE = YES;
				MARKETING_VERSION = 1.0;
				PRODUCT_BUNDLE_IDENTIFIER = com.zul.PopularGamesUITests;
				PRODUCT_NAME = "$(TARGET_NAME)";
				SWIFT_EMIT_LOC_STRINGS = NO;
				SWIFT_VERSION = 5.0;
				TARGETED_DEVICE_FAMILY = "1,2";
				TEST_TARGET_NAME = PopularGames;
			};
			name = Debug;
		};
		3AFA61C72C4CD79F00F6D84C /* Release */ = {
			isa = XCBuildConfiguration;
			buildSettings = {
				ALWAYS_EMBED_SWIFT_STANDARD_LIBRARIES = YES;
				CODE_SIGN_STYLE = Automatic;
				CURRENT_PROJECT_VERSION = 1;
				GENERATE_INFOPLIST_FILE = YES;
				MARKETING_VERSION = 1.0;
				PRODUCT_BUNDLE_IDENTIFIER = com.zul.PopularGamesUITests;
				PRODUCT_NAME = "$(TARGET_NAME)";
				SWIFT_EMIT_LOC_STRINGS = NO;
				SWIFT_VERSION = 5.0;
				TARGETED_DEVICE_FAMILY = "1,2";
				TEST_TARGET_NAME = PopularGames;
			};
			name = Release;
		};
/* End XCBuildConfiguration section */

/* Begin XCConfigurationList section */
		3AFA61962C4CD79D00F6D84C /* Build configuration list for PBXProject "PopularGames" */ = {
			isa = XCConfigurationList;
			buildConfigurations = (
				3AFA61BD2C4CD79F00F6D84C /* Debug */,
				3AFA61BE2C4CD79F00F6D84C /* Release */,
			);
			defaultConfigurationIsVisible = 0;
			defaultConfigurationName = Release;
		};
		3AFA61BF2C4CD79F00F6D84C /* Build configuration list for PBXNativeTarget "PopularGames" */ = {
			isa = XCConfigurationList;
			buildConfigurations = (
				3AFA61C02C4CD79F00F6D84C /* Debug */,
				3AFA61C12C4CD79F00F6D84C /* Release */,
			);
			defaultConfigurationIsVisible = 0;
			defaultConfigurationName = Release;
		};
		3AFA61C22C4CD79F00F6D84C /* Build configuration list for PBXNativeTarget "PopularGamesTests" */ = {
			isa = XCConfigurationList;
			buildConfigurations = (
				3AFA61C32C4CD79F00F6D84C /* Debug */,
				3AFA61C42C4CD79F00F6D84C /* Release */,
			);
			defaultConfigurationIsVisible = 0;
			defaultConfigurationName = Release;
		};
		3AFA61C52C4CD79F00F6D84C /* Build configuration list for PBXNativeTarget "PopularGamesUITests" */ = {
			isa = XCConfigurationList;
			buildConfigurations = (
				3AFA61C62C4CD79F00F6D84C /* Debug */,
				3AFA61C72C4CD79F00F6D84C /* Release */,
			);
			defaultConfigurationIsVisible = 0;
			defaultConfigurationName = Release;
		};
/* End XCConfigurationList section */

/* Begin XCLocalSwiftPackageReference section */
		3A3BD3B02C744EF600F56ABA /* XCLocalSwiftPackageReference "../Modules/HomeModule" */ = {
			isa = XCLocalSwiftPackageReference;
			relativePath = ../Modules/HomeModule;
		};
/* End XCLocalSwiftPackageReference section */

/* Begin XCRemoteSwiftPackageReference section */
		3A2FDC772C6D1F6E00C2C1A3 /* XCRemoteSwiftPackageReference "Alamofire" */ = {
			isa = XCRemoteSwiftPackageReference;
			repositoryURL = "https://github.com/Alamofire/Alamofire";
			requirement = {
				kind = upToNextMajorVersion;
				minimumVersion = 5.9.1;
			};
		};
		3A2FDC782C6D20D900C2C1A3 /* XCRemoteSwiftPackageReference "realm-swift" */ = {
			isa = XCRemoteSwiftPackageReference;
			repositoryURL = "https://github.com/realm/realm-swift";
			requirement = {
				branch = master;
				kind = branch;
			};
		};
		3A3BD3AD2C744ECD00F56ABA /* XCRemoteSwiftPackageReference "Core" */ = {
			isa = XCRemoteSwiftPackageReference;
			repositoryURL = "https://github.com/zuhrrl/Core";
			requirement = {
				branch = main;
				kind = branch;
			};
		};
/* End XCRemoteSwiftPackageReference section */

/* Begin XCSwiftPackageProductDependency section */
		3A3BD3AE2C744ED800F56ABA /* Core */ = {
			isa = XCSwiftPackageProductDependency;
			package = 3A3BD3AD2C744ECD00F56ABA /* XCRemoteSwiftPackageReference "Core" */;
			productName = Core;
		};
		3A3BD3B12C74507900F56ABA /* HomeModule */ = {
			isa = XCSwiftPackageProductDependency;
			package = 3A3BD3B02C744EF600F56ABA /* XCLocalSwiftPackageReference "../Modules/HomeModule" */;
			productName = HomeModule;
		};
		3AC7F1FD2C6D25B300238F7C /* Alamofire */ = {
			isa = XCSwiftPackageProductDependency;
			package = 3A2FDC772C6D1F6E00C2C1A3 /* XCRemoteSwiftPackageReference "Alamofire" */;
			productName = Alamofire;
		};
		3AC7F1FF2C6D25CA00238F7C /* RealmSwift */ = {
			isa = XCSwiftPackageProductDependency;
			package = 3A2FDC782C6D20D900C2C1A3 /* XCRemoteSwiftPackageReference "realm-swift" */;
			productName = RealmSwift;
		};
/* End XCSwiftPackageProductDependency section */
	};
	rootObject = 3AFA61932C4CD79D00F6D84C /* Project object */;
}
